
Microsoft Visual Studio Solution File, Format Version 12.00
# Visual Studio Version 16
VisualStudioVersion = 16.0.32106.194
MinimumVisualStudioVersion = 10.0.40219.1
Project("{FAE04EC0-301F-11D3-BF4B-00C04F79EFBC}") = "WPF_CSCourse", "WPF_CSCourse\WPF_CSCourse.csproj", "{4BC056BB-785A-4FBE-B0C0-6F390BC463EA}"
EndProject
Project("{FAE04EC0-301F-11D3-BF4B-00C04F79EFBC}") = "Exercise2", "Exercise2\Exercise2.csproj", "{2F666BD8-61F4-4491-AAB9-82157746908C}"
EndProject
Project("{FAE04EC0-301F-11D3-BF4B-00C04F79EFBC}") = "Lab_2", "Lab_2\Lab_2.csproj", "{216B9336-BE96-4F90-A135-F4E8B6D13042}"
EndProject
Project("{FAE04EC0-301F-11D3-BF4B-00C04F79EFBC}") = "Lab_2_Exercese_2", "Lab_2_Exercese_2\Lab_2_Exercese_2.csproj", "{BBBCB74F-F901-4D3A-9A5D-69AD7AD51252}"
EndProject
Global
	GlobalSection(SolutionConfigurationPlatforms) = preSolution
		Debug|Any CPU = Debug|Any CPU
		Release|Any CPU = Release|Any CPU
	EndGlobalSection
	GlobalSection(ProjectConfigurationPlatforms) = postSolution
		{4BC056BB-785A-4FBE-B0C0-6F390BC463EA}.Debug|Any CPU.ActiveCfg = Debug|Any CPU
		{4BC056BB-785A-4FBE-B0C0-6F390BC463EA}.Debug|Any CPU.Build.0 = Debug|Any CPU
		{4BC056BB-785A-4FBE-B0C0-6F390BC463EA}.Release|Any CPU.ActiveCfg = Release|Any CPU
		{4BC056BB-785A-4FBE-B0C0-6F390BC463EA}.Release|Any CPU.Build.0 = Release|Any CPU
		{2F666BD8-61F4-4491-AAB9-82157746908C}.Debug|Any CPU.ActiveCfg = Debug|Any CPU
		{2F666BD8-61F4-4491-AAB9-82157746908C}.Debug|Any CPU.Build.0 = Debug|Any CPU
		{2F666BD8-61F4-4491-AAB9-82157746908C}.Release|Any CPU.ActiveCfg = Release|Any CPU
		{2F666BD8-61F4-4491-AAB9-82157746908C}.Release|Any CPU.Build.0 = Release|Any CPU
		{216B9336-BE96-4F90-A135-F4E8B6D13042}.Debug|Any CPU.ActiveCfg = Debug|Any CPU
		{216B9336-BE96-4F90-A135-F4E8B6D13042}.Debug|Any CPU.Build.0 = Debug|Any CPU
		{216B9336-BE96-4F90-A135-F4E8B6D13042}.Release|Any CPU.ActiveCfg = Release|Any CPU
		{216B9336-BE96-4F90-A135-F4E8B6D13042}.Release|Any CPU.Build.0 = Release|Any CPU
		{BBBCB74F-F901-4D3A-9A5D-69AD7AD51252}.Debug|Any CPU.ActiveCfg = Debug|Any CPU
		{BBBCB74F-F901-4D3A-9A5D-69AD7AD51252}.Debug|Any CPU.Build.0 = Debug|Any CPU
		{BBBCB74F-F901-4D3A-9A5D-69AD7AD51252}.Release|Any CPU.ActiveCfg = Release|Any CPU
		{BBBCB74F-F901-4D3A-9A5D-69AD7AD51252}.Release|Any CPU.Build.0 = Release|Any CPU
	EndGlobalSection
	GlobalSection(SolutionProperties) = preSolution
		HideSolutionNode = FALSE
	EndGlobalSection
	GlobalSection(ExtensibilityGlobals) = postSolution
		SolutionGuid = {370935F0-4905-4CB1-9DDB-5D04535D8566}
	EndGlobalSection
EndGlobal
